
Microsoft Visual Studio Solution File, Format Version 12.00
# Visual Studio Version 17
VisualStudioVersion = 17.3.32901.215
MinimumVisualStudioVersion = 10.0.40219.1
Project("{FAE04EC0-301F-11D3-BF4B-00C04F79EFBC}") = "Lesson3", "Lesson3\Lesson3.csproj", "{B38A8307-493B-43F4-AFB8-988E116636E7}"
EndProject
Global
	GlobalSection(SolutionConfigurationPlatforms) = preSolution
		Debug|Any CPU = Debug|Any CPU
		Release|Any CPU = Release|Any CPU
	EndGlobalSection
	GlobalSection(ProjectConfigurationPlatforms) = postSolution
		{B38A8307-493B-43F4-AFB8-988E116636E7}.Debug|Any CPU.ActiveCfg = Debug|Any CPU
		{B38A8307-493B-43F4-AFB8-988E116636E7}.Debug|Any CPU.Build.0 = Debug|Any CPU
		{B38A8307-493B-43F4-AFB8-988E116636E7}.Release|Any CPU.ActiveCfg = Release|Any CPU
		{B38A8307-493B-43F4-AFB8-988E116636E7}.Release|Any CPU.Build.0 = Release|Any CPU
	EndGlobalSection
	GlobalSection(SolutionProperties) = preSolution
		HideSolutionNode = FALSE
	EndGlobalSection
	GlobalSection(ExtensibilityGlobals) = postSolution
		SolutionGuid = {D767A71E-B93F-4232-A2BA-6905EF1403DB}
	EndGlobalSection
EndGlobal
